
Microsoft Visual Studio Solution File, Format Version 12.00
Project("{2150E333-8FDC-42A3-9474-1A3956D46DE8}") = "_Solution Items", "_Solution Items", "{1B10685B-BF74-489B-8E9D-6E20985491F4}"
ProjectSection(SolutionItems) = preProject
	.gitignore = .gitignore
	README.md = README.md
	Directory.Build.props = Directory.Build.props
EndProjectSection
EndProject
Project("{2150E333-8FDC-42A3-9474-1A3956D46DE8}") = "Domain", "Domain", "{870D4C3B-2118-40A8-9B64-A7893F184A6A}"
EndProject
Project("{FAE04EC0-301F-11D3-BF4B-00C04F79EFBC}") = "Domain.App", "Domain.App\Domain.App.csproj", "{2ED4EEF4-709A-49AE-A51A-BC6A2DC30CE2}"
EndProject
Project("{2150E333-8FDC-42A3-9474-1A3956D46DE8}") = "DAL", "DAL", "{40479C2C-4D09-4470-9689-C27CD1B079B2}"
EndProject
Project("{FAE04EC0-301F-11D3-BF4B-00C04F79EFBC}") = "Contracts.DAL.App", "Contracts.DAL.App\Contracts.DAL.App.csproj", "{A366F780-6DC5-4EC4-A593-E44E552DB2D0}"
EndProject
Project("{FAE04EC0-301F-11D3-BF4B-00C04F79EFBC}") = "DAL.App.DTO", "DAL.App.DTO\DAL.App.DTO.csproj", "{A4BA7241-8C4A-4A82-9EF4-32212C97C130}"
EndProject
Project("{FAE04EC0-301F-11D3-BF4B-00C04F79EFBC}") = "DAL.App.EF", "DAL.App.EF\DAL.App.EF.csproj", "{2A17C19E-AC37-4E23-AEA0-76B3A69D0825}"
EndProject
Project("{2150E333-8FDC-42A3-9474-1A3956D46DE8}") = "DTO", "DTO", "{5CCC1380-4ED2-4491-BEA7-06E40C15D33D}"
EndProject
Project("{FAE04EC0-301F-11D3-BF4B-00C04F79EFBC}") = "PublicApi.DTO.v1", "PublicApi.DTO.v1\PublicApi.DTO.v1.csproj", "{D32315A1-CBC7-443E-9732-54E72818BE6D}"
EndProject
Project("{2150E333-8FDC-42A3-9474-1A3956D46DE8}") = "BLL", "BLL", "{104D153B-8389-4DD3-BD1E-C497EDCC79EF}"
EndProject
Project("{FAE04EC0-301F-11D3-BF4B-00C04F79EFBC}") = "BLL.App.DTO", "BLL.App.DTO\BLL.App.DTO.csproj", "{05D2A201-90BE-4D4E-B8DB-46E88108953F}"
EndProject
Project("{FAE04EC0-301F-11D3-BF4B-00C04F79EFBC}") = "BLL.App", "BLL.App\BLL.App.csproj", "{364A4378-3D94-4411-B5F2-A392962816DE}"
EndProject
Project("{FAE04EC0-301F-11D3-BF4B-00C04F79EFBC}") = "Contracts.BLL.App", "Contracts.BLL.App\Contracts.BLL.App.csproj", "{9204D788-5929-40FB-875A-18FB6DC2DB91}"
EndProject
Project("{FAE04EC0-301F-11D3-BF4B-00C04F79EFBC}") = "WebApp", "WebApp\WebApp.csproj", "{577AD5E7-D121-4B29-9334-26DD65E1C154}"
EndProject
Project("{FAE04EC0-301F-11D3-BF4B-00C04F79EFBC}") = "Extensions", "Extensions\Extensions.csproj", "{6E3ED0E4-AEF7-49B4-BCC9-FDDB59A19009}"
EndProject
Global
	GlobalSection(SolutionConfigurationPlatforms) = preSolution
		Debug|Any CPU = Debug|Any CPU
		Release|Any CPU = Release|Any CPU
	EndGlobalSection
	GlobalSection(NestedProjects) = preSolution
		{2ED4EEF4-709A-49AE-A51A-BC6A2DC30CE2} = {870D4C3B-2118-40A8-9B64-A7893F184A6A}
		{A366F780-6DC5-4EC4-A593-E44E552DB2D0} = {40479C2C-4D09-4470-9689-C27CD1B079B2}
		{A4BA7241-8C4A-4A82-9EF4-32212C97C130} = {40479C2C-4D09-4470-9689-C27CD1B079B2}
		{2A17C19E-AC37-4E23-AEA0-76B3A69D0825} = {40479C2C-4D09-4470-9689-C27CD1B079B2}
		{D32315A1-CBC7-443E-9732-54E72818BE6D} = {5CCC1380-4ED2-4491-BEA7-06E40C15D33D}
		{05D2A201-90BE-4D4E-B8DB-46E88108953F} = {104D153B-8389-4DD3-BD1E-C497EDCC79EF}
		{364A4378-3D94-4411-B5F2-A392962816DE} = {104D153B-8389-4DD3-BD1E-C497EDCC79EF}
		{9204D788-5929-40FB-875A-18FB6DC2DB91} = {104D153B-8389-4DD3-BD1E-C497EDCC79EF}
	EndGlobalSection
	GlobalSection(ProjectConfigurationPlatforms) = postSolution
		{2ED4EEF4-709A-49AE-A51A-BC6A2DC30CE2}.Debug|Any CPU.ActiveCfg = Debug|Any CPU
		{2ED4EEF4-709A-49AE-A51A-BC6A2DC30CE2}.Debug|Any CPU.Build.0 = Debug|Any CPU
		{2ED4EEF4-709A-49AE-A51A-BC6A2DC30CE2}.Release|Any CPU.ActiveCfg = Release|Any CPU
		{2ED4EEF4-709A-49AE-A51A-BC6A2DC30CE2}.Release|Any CPU.Build.0 = Release|Any CPU
		{A366F780-6DC5-4EC4-A593-E44E552DB2D0}.Debug|Any CPU.ActiveCfg = Debug|Any CPU
		{A366F780-6DC5-4EC4-A593-E44E552DB2D0}.Debug|Any CPU.Build.0 = Debug|Any CPU
		{A366F780-6DC5-4EC4-A593-E44E552DB2D0}.Release|Any CPU.ActiveCfg = Release|Any CPU
		{A366F780-6DC5-4EC4-A593-E44E552DB2D0}.Release|Any CPU.Build.0 = Release|Any CPU
		{A4BA7241-8C4A-4A82-9EF4-32212C97C130}.Debug|Any CPU.ActiveCfg = Debug|Any CPU
		{A4BA7241-8C4A-4A82-9EF4-32212C97C130}.Debug|Any CPU.Build.0 = Debug|Any CPU
		{A4BA7241-8C4A-4A82-9EF4-32212C97C130}.Release|Any CPU.ActiveCfg = Release|Any CPU
		{A4BA7241-8C4A-4A82-9EF4-32212C97C130}.Release|Any CPU.Build.0 = Release|Any CPU
		{2A17C19E-AC37-4E23-AEA0-76B3A69D0825}.Debug|Any CPU.ActiveCfg = Debug|Any CPU
		{2A17C19E-AC37-4E23-AEA0-76B3A69D0825}.Debug|Any CPU.Build.0 = Debug|Any CPU
		{2A17C19E-AC37-4E23-AEA0-76B3A69D0825}.Release|Any CPU.ActiveCfg = Release|Any CPU
		{2A17C19E-AC37-4E23-AEA0-76B3A69D0825}.Release|Any CPU.Build.0 = Release|Any CPU
		{D32315A1-CBC7-443E-9732-54E72818BE6D}.Debug|Any CPU.ActiveCfg = Debug|Any CPU
		{D32315A1-CBC7-443E-9732-54E72818BE6D}.Debug|Any CPU.Build.0 = Debug|Any CPU
		{D32315A1-CBC7-443E-9732-54E72818BE6D}.Release|Any CPU.ActiveCfg = Release|Any CPU
		{D32315A1-CBC7-443E-9732-54E72818BE6D}.Release|Any CPU.Build.0 = Release|Any CPU
		{05D2A201-90BE-4D4E-B8DB-46E88108953F}.Debug|Any CPU.ActiveCfg = Debug|Any CPU
		{05D2A201-90BE-4D4E-B8DB-46E88108953F}.Debug|Any CPU.Build.0 = Debug|Any CPU
		{05D2A201-90BE-4D4E-B8DB-46E88108953F}.Release|Any CPU.ActiveCfg = Release|Any CPU
		{05D2A201-90BE-4D4E-B8DB-46E88108953F}.Release|Any CPU.Build.0 = Release|Any CPU
		{364A4378-3D94-4411-B5F2-A392962816DE}.Debug|Any CPU.ActiveCfg = Debug|Any CPU
		{364A4378-3D94-4411-B5F2-A392962816DE}.Debug|Any CPU.Build.0 = Debug|Any CPU
		{364A4378-3D94-4411-B5F2-A392962816DE}.Release|Any CPU.ActiveCfg = Release|Any CPU
		{364A4378-3D94-4411-B5F2-A392962816DE}.Release|Any CPU.Build.0 = Release|Any CPU
		{9204D788-5929-40FB-875A-18FB6DC2DB91}.Debug|Any CPU.ActiveCfg = Debug|Any CPU
		{9204D788-5929-40FB-875A-18FB6DC2DB91}.Debug|Any CPU.Build.0 = Debug|Any CPU
		{9204D788-5929-40FB-875A-18FB6DC2DB91}.Release|Any CPU.ActiveCfg = Release|Any CPU
		{9204D788-5929-40FB-875A-18FB6DC2DB91}.Release|Any CPU.Build.0 = Release|Any CPU
		{577AD5E7-D121-4B29-9334-26DD65E1C154}.Debug|Any CPU.ActiveCfg = Debug|Any CPU
		{577AD5E7-D121-4B29-9334-26DD65E1C154}.Debug|Any CPU.Build.0 = Debug|Any CPU
		{577AD5E7-D121-4B29-9334-26DD65E1C154}.Release|Any CPU.ActiveCfg = Release|Any CPU
		{577AD5E7-D121-4B29-9334-26DD65E1C154}.Release|Any CPU.Build.0 = Release|Any CPU
		{6E3ED0E4-AEF7-49B4-BCC9-FDDB59A19009}.Debug|Any CPU.ActiveCfg = Debug|Any CPU
		{6E3ED0E4-AEF7-49B4-BCC9-FDDB59A19009}.Debug|Any CPU.Build.0 = Debug|Any CPU
		{6E3ED0E4-AEF7-49B4-BCC9-FDDB59A19009}.Release|Any CPU.ActiveCfg = Release|Any CPU
		{6E3ED0E4-AEF7-49B4-BCC9-FDDB59A19009}.Release|Any CPU.Build.0 = Release|Any CPU
	EndGlobalSection
EndGlobal
